{
  "name": "shubham-vunet",
  "lockfileVersion": 2,
  "requires": true,
  "packages": {
    "": {
      "dependencies": {
        "tx": "github:shubham-vunet/tx"
      }
    },
    "node_modules/tx": {
      "name": "todo",
      "version": "0.0.0",
      "resolved": "git+ssh://git@github.com/shubham-vunet/tx.git#90ebe3f9c4c0abdfdfede3b34b08d81ca3fcfb43",
      "license": "AGPL-3.0-only",
      "bin": {
        "todo": "index.js"
      }
    }
  },
  "dependencies": {
    "tx": {
      "version": "git+ssh://git@github.com/shubham-vunet/tx.git#90ebe3f9c4c0abdfdfede3b34b08d81ca3fcfb43",
      "from": "tx@github:shubham-vunet/tx"
    }
  }
}
